
Microsoft Visual Studio Solution File, Format Version 12.00
# Visual Studio Version 16
VisualStudioVersion = 16.0.33214.272
MinimumVisualStudioVersion = 10.0.40219.1
Project("{8BC9CEB8-8B4A-11D0-8D11-00A0C91BC942}") = "csd1130_Assignment_3", "csd1130_Assignment_3.vcxproj", "{A6243049-5D59-4A18-B386-C828A543C511}"
EndProject
Global
	GlobalSection(SolutionConfigurationPlatforms) = preSolution
		Debug|x64 = Debug|x64
		Debug|x86 = Debug|x86
		Release|x64 = Release|x64
		Release|x86 = Release|x86
	EndGlobalSection
	GlobalSection(ProjectConfigurationPlatforms) = postSolution
		{A6243049-5D59-4A18-B386-C828A543C511}.Debug|x64.ActiveCfg = Debug|x64
		{A6243049-5D59-4A18-B386-C828A543C511}.Debug|x64.Build.0 = Debug|x64
		{A6243049-5D59-4A18-B386-C828A543C511}.Debug|x86.ActiveCfg = Debug|Win32
		{A6243049-5D59-4A18-B386-C828A543C511}.Debug|x86.Build.0 = Debug|Win32
		{A6243049-5D59-4A18-B386-C828A543C511}.Release|x64.ActiveCfg = Release|x64
		{A6243049-5D59-4A18-B386-C828A543C511}.Release|x64.Build.0 = Release|x64
		{A6243049-5D59-4A18-B386-C828A543C511}.Release|x86.ActiveCfg = Release|Win32
		{A6243049-5D59-4A18-B386-C828A543C511}.Release|x86.Build.0 = Release|Win32
	EndGlobalSection
	GlobalSection(SolutionProperties) = preSolution
		HideSolutionNode = FALSE
	EndGlobalSection
	GlobalSection(ExtensibilityGlobals) = postSolution
		SolutionGuid = {D185EAEE-6227-4101-AB4D-878CA2ABDEFE}
	EndGlobalSection
EndGlobal
